
Microsoft Visual Studio Solution File, Format Version 12.00
# Visual Studio Version 17
VisualStudioVersion = 17.10.34928.147
MinimumVisualStudioVersion = 10.0.40219.1
Project("{FAE04EC0-301F-11D3-BF4B-00C04F79EFBC}") = "SomeProject", "SomeProject\SomeProject.csproj", "{ECFD13DF-1F1F-4E54-AF2B-D95FB479AB3F}"
EndProject
Global
	GlobalSection(SolutionConfigurationPlatforms) = preSolution
		Debug|Any CPU = Debug|Any CPU
		Release|Any CPU = Release|Any CPU
	EndGlobalSection
	GlobalSection(ProjectConfigurationPlatforms) = postSolution
		{ECFD13DF-1F1F-4E54-AF2B-D95FB479AB3F}.Debug|Any CPU.ActiveCfg = Debug|Any CPU
		{ECFD13DF-1F1F-4E54-AF2B-D95FB479AB3F}.Debug|Any CPU.Build.0 = Debug|Any CPU
		{ECFD13DF-1F1F-4E54-AF2B-D95FB479AB3F}.Release|Any CPU.ActiveCfg = Release|Any CPU
		{ECFD13DF-1F1F-4E54-AF2B-D95FB479AB3F}.Release|Any CPU.Build.0 = Release|Any CPU
	EndGlobalSection
	GlobalSection(SolutionProperties) = preSolution
		HideSolutionNode = FALSE
	EndGlobalSection
	GlobalSection(ExtensibilityGlobals) = postSolution
		SolutionGuid = {96FFB484-3A1C-4296-A902-49768D09B6F7}
	EndGlobalSection
EndGlobal
